
Microsoft Visual Studio Solution File, Format Version 12.00
# Visual Studio 15
VisualStudioVersion = 15.0.28010.2026
MinimumVisualStudioVersion = 10.0.40219.1
Project("{FAE04EC0-301F-11D3-BF4B-00C04F79EFBC}") = "SCD_Web_API", "SCD_Web_API\SCD_Web_API.csproj", "{4C74A7B7-13BB-47DE-B444-2E97958F27F6}"
EndProject
Global
	GlobalSection(SolutionConfigurationPlatforms) = preSolution
		Debug|Any CPU = Debug|Any CPU
		Release|Any CPU = Release|Any CPU
	EndGlobalSection
	GlobalSection(ProjectConfigurationPlatforms) = postSolution
		{4C74A7B7-13BB-47DE-B444-2E97958F27F6}.Debug|Any CPU.ActiveCfg = Debug|Any CPU
		{4C74A7B7-13BB-47DE-B444-2E97958F27F6}.Debug|Any CPU.Build.0 = Debug|Any CPU
		{4C74A7B7-13BB-47DE-B444-2E97958F27F6}.Release|Any CPU.ActiveCfg = Release|Any CPU
		{4C74A7B7-13BB-47DE-B444-2E97958F27F6}.Release|Any CPU.Build.0 = Release|Any CPU
	EndGlobalSection
	GlobalSection(SolutionProperties) = preSolution
		HideSolutionNode = FALSE
	EndGlobalSection
	GlobalSection(ExtensibilityGlobals) = postSolution
		SolutionGuid = {9A3C14CA-DF02-4C94-A855-7D8C0032EA1F}
	EndGlobalSection
EndGlobal
